// !$*UTF8*$!
{
	archiveVersion = 1;
	classes = {
	};
	objectVersion = 56;
	objects = {

/* Begin PBXBuildFile section */
		389409022C63595200CB9F30 /* savePlanApp.swift in Sources */ = {isa = PBXBuildFile; fileRef = 389409012C63595200CB9F30 /* savePlanApp.swift */; };
		389409042C63595200CB9F30 /* ContentView.swift in Sources */ = {isa = PBXBuildFile; fileRef = 389409032C63595200CB9F30 /* ContentView.swift */; };
		389409062C63595400CB9F30 /* Assets.xcassets in Resources */ = {isa = PBXBuildFile; fileRef = 389409052C63595400CB9F30 /* Assets.xcassets */; };
		389409092C63595400CB9F30 /* Preview Assets.xcassets in Resources */ = {isa = PBXBuildFile; fileRef = 389409082C63595400CB9F30 /* Preview Assets.xcassets */; };
		389409132C63595400CB9F30 /* savePlanTests.swift in Sources */ = {isa = PBXBuildFile; fileRef = 389409122C63595400CB9F30 /* savePlanTests.swift */; };
		3894091D2C63595400CB9F30 /* savePlanUITests.swift in Sources */ = {isa = PBXBuildFile; fileRef = 3894091C2C63595400CB9F30 /* savePlanUITests.swift */; };
		3894091F2C63595400CB9F30 /* savePlanUITestsLaunchTests.swift in Sources */ = {isa = PBXBuildFile; fileRef = 3894091E2C63595400CB9F30 /* savePlanUITestsLaunchTests.swift */; };
/* End PBXBuildFile section */

/* Begin PBXContainerItemProxy section */
		3894090F2C63595400CB9F30 /* PBXContainerItemProxy */ = {
			isa = PBXContainerItemProxy;
			containerPortal = 389408F62C63595200CB9F30 /* Project object */;
			proxyType = 1;
			remoteGlobalIDString = 389408FD2C63595200CB9F30;
			remoteInfo = savePlan;
		};
		389409192C63595400CB9F30 /* PBXContainerItemProxy */ = {
			isa = PBXContainerItemProxy;
			containerPortal = 389408F62C63595200CB9F30 /* Project object */;
			proxyType = 1;
			remoteGlobalIDString = 389408FD2C63595200CB9F30;
			remoteInfo = savePlan;
		};
/* End PBXContainerItemProxy section */

/* Begin PBXFileReference section */
		389408FE2C63595200CB9F30 /* savePlan.app */ = {isa = PBXFileReference; explicitFileType = wrapper.application; includeInIndex = 0; path = savePlan.app; sourceTree = BUILT_PRODUCTS_DIR; };
		389409012C63595200CB9F30 /* savePlanApp.swift */ = {isa = PBXFileReference; lastKnownFileType = sourcecode.swift; path = savePlanApp.swift; sourceTree = "<group>"; };
		389409032C63595200CB9F30 /* ContentView.swift */ = {isa = PBXFileReference; lastKnownFileType = sourcecode.swift; path = ContentView.swift; sourceTree = "<group>"; };
		389409052C63595400CB9F30 /* Assets.xcassets */ = {isa = PBXFileReference; lastKnownFileType = folder.assetcatalog; path = Assets.xcassets; sourceTree = "<group>"; };
		389409082C63595400CB9F30 /* Preview Assets.xcassets */ = {isa = PBXFileReference; lastKnownFileType = folder.assetcatalog; path = "Preview Assets.xcassets"; sourceTree = "<group>"; };
		3894090E2C63595400CB9F30 /* savePlanTests.xctest */ = {isa = PBXFileReference; explicitFileType = wrapper.cfbundle; includeInIndex = 0; path = savePlanTests.xctest; sourceTree = BUILT_PRODUCTS_DIR; };
		389409122C63595400CB9F30 /* savePlanTests.swift */ = {isa = PBXFileReference; lastKnownFileType = sourcecode.swift; path = savePlanTests.swift; sourceTree = "<group>"; };
		389409182C63595400CB9F30 /* savePlanUITests.xctest */ = {isa = PBXFileReference; explicitFileType = wrapper.cfbundle; includeInIndex = 0; path = savePlanUITests.xctest; sourceTree = BUILT_PRODUCTS_DIR; };
		3894091C2C63595400CB9F30 /* savePlanUITests.swift */ = {isa = PBXFileReference; lastKnownFileType = sourcecode.swift; path = savePlanUITests.swift; sourceTree = "<group>"; };
		3894091E2C63595400CB9F30 /* savePlanUITestsLaunchTests.swift */ = {isa = PBXFileReference; lastKnownFileType = sourcecode.swift; path = savePlanUITestsLaunchTests.swift; sourceTree = "<group>"; };
/* End PBXFileReference section */

/* Begin PBXFrameworksBuildPhase section */
		389408FB2C63595200CB9F30 /* Frameworks */ = {
			isa = PBXFrameworksBuildPhase;
			buildActionMask = 2147483647;
			files = (
			);
			runOnlyForDeploymentPostprocessing = 0;
		};
		3894090B2C63595400CB9F30 /* Frameworks */ = {
			isa = PBXFrameworksBuildPhase;
			buildActionMask = 2147483647;
			files = (
			);
			runOnlyForDeploymentPostprocessing = 0;
		};
		389409152C63595400CB9F30 /* Frameworks */ = {
			isa = PBXFrameworksBuildPhase;
			buildActionMask = 2147483647;
			files = (
			);
			runOnlyForDeploymentPostprocessing = 0;
		};
/* End PBXFrameworksBuildPhase section */

/* Begin PBXGroup section */
		389408F52C63595200CB9F30 = {
			isa = PBXGroup;
			children = (
				389409002C63595200CB9F30 /* savePlan */,
				389409112C63595400CB9F30 /* savePlanTests */,
				3894091B2C63595400CB9F30 /* savePlanUITests */,
				389408FF2C63595200CB9F30 /* Products */,
			);
			sourceTree = "<group>";
		};
		389408FF2C63595200CB9F30 /* Products */ = {
			isa = PBXGroup;
			children = (
				389408FE2C63595200CB9F30 /* savePlan.app */,
				3894090E2C63595400CB9F30 /* savePlanTests.xctest */,
				389409182C63595400CB9F30 /* savePlanUITests.xctest */,
			);
			name = Products;
			sourceTree = "<group>";
		};
		389409002C63595200CB9F30 /* savePlan */ = {
			isa = PBXGroup;
			children = (
				389409012C63595200CB9F30 /* savePlanApp.swift */,
				389409032C63595200CB9F30 /* ContentView.swift */,
				389409052C63595400CB9F30 /* Assets.xcassets */,
				389409072C63595400CB9F30 /* Preview Content */,
			);
			path = savePlan;
			sourceTree = "<group>";
		};
		389409072C63595400CB9F30 /* Preview Content */ = {
			isa = PBXGroup;
			children = (
				389409082C63595400CB9F30 /* Preview Assets.xcassets */,
			);
			path = "Preview Content";
			sourceTree = "<group>";
		};
		389409112C63595400CB9F30 /* savePlanTests */ = {
			isa = PBXGroup;
			children = (
				389409122C63595400CB9F30 /* savePlanTests.swift */,
			);
			path = savePlanTests;
			sourceTree = "<group>";
		};
		3894091B2C63595400CB9F30 /* savePlanUITests */ = {
			isa = PBXGroup;
			children = (
				3894091C2C63595400CB9F30 /* savePlanUITests.swift */,
				3894091E2C63595400CB9F30 /* savePlanUITestsLaunchTests.swift */,
			);
			path = savePlanUITests;
			sourceTree = "<group>";
		};
/* End PBXGroup section */

/* Begin PBXNativeTarget section */
		389408FD2C63595200CB9F30 /* savePlan */ = {
			isa = PBXNativeTarget;
			buildConfigurationList = 389409222C63595400CB9F30 /* Build configuration list for PBXNativeTarget "savePlan" */;
			buildPhases = (
				389408FA2C63595200CB9F30 /* Sources */,
				389408FB2C63595200CB9F30 /* Frameworks */,
				389408FC2C63595200CB9F30 /* Resources */,
			);
			buildRules = (
			);
			dependencies = (
			);
			name = savePlan;
			productName = savePlan;
			productReference = 389408FE2C63595200CB9F30 /* savePlan.app */;
			productType = "com.apple.product-type.application";
		};
		3894090D2C63595400CB9F30 /* savePlanTests */ = {
			isa = PBXNativeTarget;
			buildConfigurationList = 389409252C63595400CB9F30 /* Build configuration list for PBXNativeTarget "savePlanTests" */;
			buildPhases = (
				3894090A2C63595400CB9F30 /* Sources */,
				3894090B2C63595400CB9F30 /* Frameworks */,
				3894090C2C63595400CB9F30 /* Resources */,
			);
			buildRules = (
			);
			dependencies = (
				389409102C63595400CB9F30 /* PBXTargetDependency */,
			);
			name = savePlanTests;
			productName = savePlanTests;
			productReference = 3894090E2C63595400CB9F30 /* savePlanTests.xctest */;
			productType = "com.apple.product-type.bundle.unit-test";
		};
		389409172C63595400CB9F30 /* savePlanUITests */ = {
			isa = PBXNativeTarget;
			buildConfigurationList = 389409282C63595400CB9F30 /* Build configuration list for PBXNativeTarget "savePlanUITests" */;
			buildPhases = (
				389409142C63595400CB9F30 /* Sources */,
				389409152C63595400CB9F30 /* Frameworks */,
				389409162C63595400CB9F30 /* Resources */,
			);
			buildRules = (
			);
			dependencies = (
				3894091A2C63595400CB9F30 /* PBXTargetDependency */,
			);
			name = savePlanUITests;
			productName = savePlanUITests;
			productReference = 389409182C63595400CB9F30 /* savePlanUITests.xctest */;
			productType = "com.apple.product-type.bundle.ui-testing";
		};
/* End PBXNativeTarget section */

/* Begin PBXProject section */
		389408F62C63595200CB9F30 /* Project object */ = {
			isa = PBXProject;
			attributes = {
				BuildIndependentTargetsInParallel = 1;
				LastSwiftUpdateCheck = 1500;
				LastUpgradeCheck = 1500;
				TargetAttributes = {
					389408FD2C63595200CB9F30 = {
						CreatedOnToolsVersion = 15.0;
					};
					3894090D2C63595400CB9F30 = {
						CreatedOnToolsVersion = 15.0;
						TestTargetID = 389408FD2C63595200CB9F30;
					};
					389409172C63595400CB9F30 = {
						CreatedOnToolsVersion = 15.0;
						TestTargetID = 389408FD2C63595200CB9F30;
					};
				};
			};
			buildConfigurationList = 389408F92C63595200CB9F30 /* Build configuration list for PBXProject "savePlan" */;
			compatibilityVersion = "Xcode 14.0";
			developmentRegion = en;
			hasScannedForEncodings = 0;
			knownRegions = (
				en,
				Base,
			);
			mainGroup = 389408F52C63595200CB9F30;
			productRefGroup = 389408FF2C63595200CB9F30 /* Products */;
			projectDirPath = "";
			projectRoot = "";
			targets = (
				389408FD2C63595200CB9F30 /* savePlan */,
				3894090D2C63595400CB9F30 /* savePlanTests */,
				389409172C63595400CB9F30 /* savePlanUITests */,
			);
		};
/* End PBXProject section */

/* Begin PBXResourcesBuildPhase section */
		389408FC2C63595200CB9F30 /* Resources */ = {
			isa = PBXResourcesBuildPhase;
			buildActionMask = 2147483647;
			files = (
				389409092C63595400CB9F30 /* Preview Assets.xcassets in Resources */,
				389409062C63595400CB9F30 /* Assets.xcassets in Resources */,
			);
			runOnlyForDeploymentPostprocessing = 0;
		};
		3894090C2C63595400CB9F30 /* Resources */ = {
			isa = PBXResourcesBuildPhase;
			buildActionMask = 2147483647;
			files = (
			);
			runOnlyForDeploymentPostprocessing = 0;
		};
		389409162C63595400CB9F30 /* Resources */ = {
			isa = PBXResourcesBuildPhase;
			buildActionMask = 2147483647;
			files = (
			);
			runOnlyForDeploymentPostprocessing = 0;
		};
/* End PBXResourcesBuildPhase section */

/* Begin PBXSourcesBuildPhase section */
		389408FA2C63595200CB9F30 /* Sources */ = {
			isa = PBXSourcesBuildPhase;
			buildActionMask = 2147483647;
			files = (
				389409042C63595200CB9F30 /* ContentView.swift in Sources */,
				389409022C63595200CB9F30 /* savePlanApp.swift in Sources */,
			);
			runOnlyForDeploymentPostprocessing = 0;
		};
		3894090A2C63595400CB9F30 /* Sources */ = {
			isa = PBXSourcesBuildPhase;
			buildActionMask = 2147483647;
			files = (
				389409132C63595400CB9F30 /* savePlanTests.swift in Sources */,
			);
			runOnlyForDeploymentPostprocessing = 0;
		};
		389409142C63595400CB9F30 /* Sources */ = {
			isa = PBXSourcesBuildPhase;
			buildActionMask = 2147483647;
			files = (
				3894091F2C63595400CB9F30 /* savePlanUITestsLaunchTests.swift in Sources */,
				3894091D2C63595400CB9F30 /* savePlanUITests.swift in Sources */,
			);
			runOnlyForDeploymentPostprocessing = 0;
		};
/* End PBXSourcesBuildPhase section */

/* Begin PBXTargetDependency section */
		389409102C63595400CB9F30 /* PBXTargetDependency */ = {
			isa = PBXTargetDependency;
			target = 389408FD2C63595200CB9F30 /* savePlan */;
			targetProxy = 3894090F2C63595400CB9F30 /* PBXContainerItemProxy */;
		};
		3894091A2C63595400CB9F30 /* PBXTargetDependency */ = {
			isa = PBXTargetDependency;
			target = 389408FD2C63595200CB9F30 /* savePlan */;
			targetProxy = 389409192C63595400CB9F30 /* PBXContainerItemProxy */;
		};
/* End PBXTargetDependency section */

/* Begin XCBuildConfiguration section */
		389409202C63595400CB9F30 /* Debug */ = {
			isa = XCBuildConfiguration;
			buildSettings = {
				ALWAYS_SEARCH_USER_PATHS = NO;
				ASSETCATALOG_COMPILER_GENERATE_SWIFT_ASSET_SYMBOL_EXTENSIONS = YES;
				CLANG_ANALYZER_NONNULL = YES;
				CLANG_ANALYZER_NUMBER_OBJECT_CONVERSION = YES_AGGRESSIVE;
				CLANG_CXX_LANGUAGE_STANDARD = "gnu++20";
				CLANG_ENABLE_MODULES = YES;
				CLANG_ENABLE_OBJC_ARC = YES;
				CLANG_ENABLE_OBJC_WEAK = YES;
				CLANG_WARN_BLOCK_CAPTURE_AUTORELEASING = YES;
				CLANG_WARN_BOOL_CONVERSION = YES;
				CLANG_WARN_COMMA = YES;
				CLANG_WARN_CONSTANT_CONVERSION = YES;
				CLANG_WARN_DEPRECATED_OBJC_IMPLEMENTATIONS = YES;
				CLANG_WARN_DIRECT_OBJC_ISA_USAGE = YES_ERROR;
				CLANG_WARN_DOCUMENTATION_COMMENTS = YES;
				CLANG_WARN_EMPTY_BODY = YES;
				CLANG_WARN_ENUM_CONVERSION = YES;
				CLANG_WARN_INFINITE_RECURSION = YES;
				CLANG_WARN_INT_CONVERSION = YES;
				CLANG_WARN_NON_LITERAL_NULL_CONVERSION = YES;
				CLANG_WARN_OBJC_IMPLICIT_RETAIN_SELF = YES;
				CLANG_WARN_OBJC_LITERAL_CONVERSION = YES;
				CLANG_WARN_OBJC_ROOT_CLASS = YES_ERROR;
				CLANG_WARN_QUOTED_INCLUDE_IN_FRAMEWORK_HEADER = YES;
				CLANG_WARN_RANGE_LOOP_ANALYSIS = YES;
				CLANG_WARN_STRICT_PROTOTYPES = YES;
				CLANG_WARN_SUSPICIOUS_MOVE = YES;
				CLANG_WARN_UNGUARDED_AVAILABILITY = YES_AGGRESSIVE;
				CLANG_WARN_UNREACHABLE_CODE = YES;
				CLANG_WARN__DUPLICATE_METHOD_MATCH = YES;
				COPY_PHASE_STRIP = NO;
				DEBUG_INFORMATION_FORMAT = dwarf;
				ENABLE_STRICT_OBJC_MSGSEND = YES;
				ENABLE_TESTABILITY = YES;
				ENABLE_USER_SCRIPT_SANDBOXING = YES;
				GCC_C_LANGUAGE_STANDARD = gnu17;
				GCC_DYNAMIC_NO_PIC = NO;
				GCC_NO_COMMON_BLOCKS = YES;
				GCC_OPTIMIZATION_LEVEL = 0;
				GCC_PREPROCESSOR_DEFINITIONS = (
					"DEBUG=1",
					"$(inherited)",
				);
				GCC_WARN_64_TO_32_BIT_CONVERSION = YES;
				GCC_WARN_ABOUT_RETURN_TYPE = YES_ERROR;
				GCC_WARN_UNDECLARED_SELECTOR = YES;
				GCC_WARN_UNINITIALIZED_AUTOS = YES_AGGRESSIVE;
				GCC_WARN_UNUSED_FUNCTION = YES;
				GCC_WARN_UNUSED_VARIABLE = YES;
				IPHONEOS_DEPLOYMENT_TARGET = 17.0;
				LOCALIZATION_PREFERS_STRING_CATALOGS = YES;
				MTL_ENABLE_DEBUG_INFO = INCLUDE_SOURCE;
				MTL_FAST_MATH = YES;
				ONLY_ACTIVE_ARCH = YES;
				SDKROOT = iphoneos;
				SWIFT_ACTIVE_COMPILATION_CONDITIONS = "DEBUG $(inherited)";
				SWIFT_OPTIMIZATION_LEVEL = "-Onone";
			};
			name = Debug;
		};
		389409212C63595400CB9F30 /* Release */ = {
			isa = XCBuildConfiguration;
			buildSettings = {
				ALWAYS_SEARCH_USER_PATHS = NO;
				ASSETCATALOG_COMPILER_GENERATE_SWIFT_ASSET_SYMBOL_EXTENSIONS = YES;
				CLANG_ANALYZER_NONNULL = YES;
				CLANG_ANALYZER_NUMBER_OBJECT_CONVERSION = YES_AGGRESSIVE;
				CLANG_CXX_LANGUAGE_STANDARD = "gnu++20";
				CLANG_ENABLE_MODULES = YES;
				CLANG_ENABLE_OBJC_ARC = YES;
				CLANG_ENABLE_OBJC_WEAK = YES;
				CLANG_WARN_BLOCK_CAPTURE_AUTORELEASING = YES;
				CLANG_WARN_BOOL_CONVERSION = YES;
				CLANG_WARN_COMMA = YES;
				CLANG_WARN_CONSTANT_CONVERSION = YES;
				CLANG_WARN_DEPRECATED_OBJC_IMPLEMENTATIONS = YES;
				CLANG_WARN_DIRECT_OBJC_ISA_USAGE = YES_ERROR;
				CLANG_WARN_DOCUMENTATION_COMMENTS = YES;
				CLANG_WARN_EMPTY_BODY = YES;
				CLANG_WARN_ENUM_CONVERSION = YES;
				CLANG_WARN_INFINITE_RECURSION = YES;
				CLANG_WARN_INT_CONVERSION = YES;
				CLANG_WARN_NON_LITERAL_NULL_CONVERSION = YES;
				CLANG_WARN_OBJC_IMPLICIT_RETAIN_SELF = YES;
				CLANG_WARN_OBJC_LITERAL_CONVERSION = YES;
				CLANG_WARN_OBJC_ROOT_CLASS = YES_ERROR;
				CLANG_WARN_QUOTED_INCLUDE_IN_FRAMEWORK_HEADER = YES;
				CLANG_WARN_RANGE_LOOP_ANALYSIS = YES;
				CLANG_WARN_STRICT_PROTOTYPES = YES;
				CLANG_WARN_SUSPICIOUS_MOVE = YES;
				CLANG_WARN_UNGUARDED_AVAILABILITY = YES_AGGRESSIVE;
				CLANG_WARN_UNREACHABLE_CODE = YES;
				CLANG_WARN__DUPLICATE_METHOD_MATCH = YES;
				COPY_PHASE_STRIP = NO;
				DEBUG_INFORMATION_FORMAT = "dwarf-with-dsym";
				ENABLE_NS_ASSERTIONS = NO;
				ENABLE_STRICT_OBJC_MSGSEND = YES;
				ENABLE_USER_SCRIPT_SANDBOXING = YES;
				GCC_C_LANGUAGE_STANDARD = gnu17;
				GCC_NO_COMMON_BLOCKS = YES;
				GCC_WARN_64_TO_32_BIT_CONVERSION = YES;
				GCC_WARN_ABOUT_RETURN_TYPE = YES_ERROR;
				GCC_WARN_UNDECLARED_SELECTOR = YES;
				GCC_WARN_UNINITIALIZED_AUTOS = YES_AGGRESSIVE;
				GCC_WARN_UNUSED_FUNCTION = YES;
				GCC_WARN_UNUSED_VARIABLE = YES;
				IPHONEOS_DEPLOYMENT_TARGET = 17.0;
				LOCALIZATION_PREFERS_STRING_CATALOGS = YES;
				MTL_ENABLE_DEBUG_INFO = NO;
				MTL_FAST_MATH = YES;
				SDKROOT = iphoneos;
				SWIFT_COMPILATION_MODE = wholemodule;
				VALIDATE_PRODUCT = YES;
			};
			name = Release;
		};
		389409232C63595400CB9F30 /* Debug */ = {
			isa = XCBuildConfiguration;
			buildSettings = {
				ASSETCATALOG_COMPILER_APPICON_NAME = AppIcon;
				ASSETCATALOG_COMPILER_GLOBAL_ACCENT_COLOR_NAME = AccentColor;
				CODE_SIGN_STYLE = Automatic;
				CURRENT_PROJECT_VERSION = 1;
				DEVELOPMENT_ASSET_PATHS = "\"savePlan/Preview Content\"";
				DEVELOPMENT_TEAM = C56ZVK9FN4;
				ENABLE_PREVIEWS = YES;
				GENERATE_INFOPLIST_FILE = YES;
				INFOPLIST_KEY_UIApplicationSceneManifest_Generation = YES;
				INFOPLIST_KEY_UIApplicationSupportsIndirectInputEvents = YES;
				INFOPLIST_KEY_UILaunchScreen_Generation = YES;
				INFOPLIST_KEY_UISupportedInterfaceOrientations_iPad = "UIInterfaceOrientationPortrait UIInterfaceOrientationPortraitUpsideDown UIInterfaceOrientationLandscapeLeft UIInterfaceOrientationLandscapeRight";
				INFOPLIST_KEY_UISupportedInterfaceOrientations_iPhone = "UIInterfaceOrientationPortrait UIInterfaceOrientationLandscapeLeft UIInterfaceOrientationLandscapeRight";
				LD_RUNPATH_SEARCH_PATHS = (
					"$(inherited)",
					"@executable_path/Frameworks",
				);
				MARKETING_VERSION = 1.0;
				PRODUCT_BUNDLE_IDENTIFIER = com.takjewon.savePlan;
				PRODUCT_NAME = "$(TARGET_NAME)";
				SWIFT_EMIT_LOC_STRINGS = YES;
				SWIFT_VERSION = 5.0;
				TARGETED_DEVICE_FAMILY = "1,2";
			};
			name = Debug;
		};
		389409242C63595400CB9F30 /* Release */ = {
			isa = XCBuildConfiguration;
			buildSettings = {
				ASSETCATALOG_COMPILER_APPICON_NAME = AppIcon;
				ASSETCATALOG_COMPILER_GLOBAL_ACCENT_COLOR_NAME = AccentColor;
				CODE_SIGN_STYLE = Automatic;
				CURRENT_PROJECT_VERSION = 1;
				DEVELOPMENT_ASSET_PATHS = "\"savePlan/Preview Content\"";
				DEVELOPMENT_TEAM = C56ZVK9FN4;
				ENABLE_PREVIEWS = YES;
				GENERATE_INFOPLIST_FILE = YES;
				INFOPLIST_KEY_UIApplicationSceneManifest_Generation = YES;
				INFOPLIST_KEY_UIApplicationSupportsIndirectInputEvents = YES;
				INFOPLIST_KEY_UILaunchScreen_Generation = YES;
				INFOPLIST_KEY_UISupportedInterfaceOrientations_iPad = "UIInterfaceOrientationPortrait UIInterfaceOrientationPortraitUpsideDown UIInterfaceOrientationLandscapeLeft UIInterfaceOrientationLandscapeRight";
				INFOPLIST_KEY_UISupportedInterfaceOrientations_iPhone = "UIInterfaceOrientationPortrait UIInterfaceOrientationLandscapeLeft UIInterfaceOrientationLandscapeRight";
				LD_RUNPATH_SEARCH_PATHS = (
					"$(inherited)",
					"@executable_path/Frameworks",
				);
				MARKETING_VERSION = 1.0;
				PRODUCT_BUNDLE_IDENTIFIER = com.takjewon.savePlan;
				PRODUCT_NAME = "$(TARGET_NAME)";
				SWIFT_EMIT_LOC_STRINGS = YES;
				SWIFT_VERSION = 5.0;
				TARGETED_DEVICE_FAMILY = "1,2";
			};
			name = Release;
		};
		389409262C63595400CB9F30 /* Debug */ = {
			isa = XCBuildConfiguration;
			buildSettings = {
				ALWAYS_EMBED_SWIFT_STANDARD_LIBRARIES = YES;
				BUNDLE_LOADER = "$(TEST_HOST)";
				CODE_SIGN_STYLE = Automatic;
				CURRENT_PROJECT_VERSION = 1;
				DEVELOPMENT_TEAM = C56ZVK9FN4;
				GENERATE_INFOPLIST_FILE = YES;
				IPHONEOS_DEPLOYMENT_TARGET = 17.0;
				MARKETING_VERSION = 1.0;
				PRODUCT_BUNDLE_IDENTIFIER = com.takjewon.savePlanTests;
				PRODUCT_NAME = "$(TARGET_NAME)";
				SWIFT_EMIT_LOC_STRINGS = NO;
				SWIFT_VERSION = 5.0;
				TARGETED_DEVICE_FAMILY = "1,2";
				TEST_HOST = "$(BUILT_PRODUCTS_DIR)/savePlan.app/$(BUNDLE_EXECUTABLE_FOLDER_PATH)/savePlan";
			};
			name = Debug;
		};
		389409272C63595400CB9F30 /* Release */ = {
			isa = XCBuildConfiguration;
			buildSettings = {
				ALWAYS_EMBED_SWIFT_STANDARD_LIBRARIES = YES;
				BUNDLE_LOADER = "$(TEST_HOST)";
				CODE_SIGN_STYLE = Automatic;
				CURRENT_PROJECT_VERSION = 1;
				DEVELOPMENT_TEAM = C56ZVK9FN4;
				GENERATE_INFOPLIST_FILE = YES;
				IPHONEOS_DEPLOYMENT_TARGET = 17.0;
				MARKETING_VERSION = 1.0;
				PRODUCT_BUNDLE_IDENTIFIER = com.takjewon.savePlanTests;
				PRODUCT_NAME = "$(TARGET_NAME)";
				SWIFT_EMIT_LOC_STRINGS = NO;
				SWIFT_VERSION = 5.0;
				TARGETED_DEVICE_FAMILY = "1,2";
				TEST_HOST = "$(BUILT_PRODUCTS_DIR)/savePlan.app/$(BUNDLE_EXECUTABLE_FOLDER_PATH)/savePlan";
			};
			name = Release;
		};
		389409292C63595400CB9F30 /* Debug */ = {
			isa = XCBuildConfiguration;
			buildSettings = {
				ALWAYS_EMBED_SWIFT_STANDARD_LIBRARIES = YES;
				CODE_SIGN_STYLE = Automatic;
				CURRENT_PROJECT_VERSION = 1;
				DEVELOPMENT_TEAM = C56ZVK9FN4;
				GENERATE_INFOPLIST_FILE = YES;
				MARKETING_VERSION = 1.0;
				PRODUCT_BUNDLE_IDENTIFIER = com.takjewon.savePlanUITests;
				PRODUCT_NAME = "$(TARGET_NAME)";
				SWIFT_EMIT_LOC_STRINGS = NO;
				SWIFT_VERSION = 5.0;
				TARGETED_DEVICE_FAMILY = "1,2";
				TEST_TARGET_NAME = savePlan;
			};
			name = Debug;
		};
		3894092A2C63595400CB9F30 /* Release */ = {
			isa = XCBuildConfiguration;
			buildSettings = {
				ALWAYS_EMBED_SWIFT_STANDARD_LIBRARIES = YES;
				CODE_SIGN_STYLE = Automatic;
				CURRENT_PROJECT_VERSION = 1;
				DEVELOPMENT_TEAM = C56ZVK9FN4;
				GENERATE_INFOPLIST_FILE = YES;
				MARKETING_VERSION = 1.0;
				PRODUCT_BUNDLE_IDENTIFIER = com.takjewon.savePlanUITests;
				PRODUCT_NAME = "$(TARGET_NAME)";
				SWIFT_EMIT_LOC_STRINGS = NO;
				SWIFT_VERSION = 5.0;
				TARGETED_DEVICE_FAMILY = "1,2";
				TEST_TARGET_NAME = savePlan;
			};
			name = Release;
		};
/* End XCBuildConfiguration section */

/* Begin XCConfigurationList section */
		389408F92C63595200CB9F30 /* Build configuration list for PBXProject "savePlan" */ = {
			isa = XCConfigurationList;
			buildConfigurations = (
				389409202C63595400CB9F30 /* Debug */,
				389409212C63595400CB9F30 /* Release */,
			);
			defaultConfigurationIsVisible = 0;
			defaultConfigurationName = Release;
		};
		389409222C63595400CB9F30 /* Build configuration list for PBXNativeTarget "savePlan" */ = {
			isa = XCConfigurationList;
			buildConfigurations = (
				389409232C63595400CB9F30 /* Debug */,
				389409242C63595400CB9F30 /* Release */,
			);
			defaultConfigurationIsVisible = 0;
			defaultConfigurationName = Release;
		};
		389409252C63595400CB9F30 /* Build configuration list for PBXNativeTarget "savePlanTests" */ = {
			isa = XCConfigurationList;
			buildConfigurations = (
				389409262C63595400CB9F30 /* Debug */,
				389409272C63595400CB9F30 /* Release */,
			);
			defaultConfigurationIsVisible = 0;
			defaultConfigurationName = Release;
		};
		389409282C63595400CB9F30 /* Build configuration list for PBXNativeTarget "savePlanUITests" */ = {
			isa = XCConfigurationList;
			buildConfigurations = (
				389409292C63595400CB9F30 /* Debug */,
				3894092A2C63595400CB9F30 /* Release */,
			);
			defaultConfigurationIsVisible = 0;
			defaultConfigurationName = Release;
		};
/* End XCConfigurationList section */
	};
	rootObject = 389408F62C63595200CB9F30 /* Project object */;
}
